
Microsoft Visual Studio Solution File, Format Version 12.00
# Visual Studio Version 17
VisualStudioVersion = 17.0.32014.148
MinimumVisualStudioVersion = 10.0.40219.1
Project("{FAE04EC0-301F-11D3-BF4B-00C04F79EFBC}") = "ToetsWPF", "ToetsWPF\ToetsWPF.csproj", "{73B9507C-AA9F-43B1-ABA3-006A7D22B493}"
EndProject
Global
	GlobalSection(SolutionConfigurationPlatforms) = preSolution
		Debug|Any CPU = Debug|Any CPU
		Release|Any CPU = Release|Any CPU
	EndGlobalSection
	GlobalSection(ProjectConfigurationPlatforms) = postSolution
		{73B9507C-AA9F-43B1-ABA3-006A7D22B493}.Debug|Any CPU.ActiveCfg = Debug|Any CPU
		{73B9507C-AA9F-43B1-ABA3-006A7D22B493}.Debug|Any CPU.Build.0 = Debug|Any CPU
		{73B9507C-AA9F-43B1-ABA3-006A7D22B493}.Release|Any CPU.ActiveCfg = Release|Any CPU
		{73B9507C-AA9F-43B1-ABA3-006A7D22B493}.Release|Any CPU.Build.0 = Release|Any CPU
	EndGlobalSection
	GlobalSection(SolutionProperties) = preSolution
		HideSolutionNode = FALSE
	EndGlobalSection
	GlobalSection(ExtensibilityGlobals) = postSolution
		SolutionGuid = {209D8491-2942-4989-870C-1BE31D628E22}
	EndGlobalSection
EndGlobal
